// !$*UTF8*$!
{
	archiveVersion = 1;
	classes = {
	};
	objectVersion = 50;
	objects = {

/* Begin PBXBuildFile section */
		4151121E2122E3F40028B5E8 /* AppDelegate.m in Sources */ = {isa = PBXBuildFile; fileRef = 4151121D2122E3F40028B5E8 /* AppDelegate.m */; };
		415112212122E3F40028B5E8 /* ViewController.m in Sources */ = {isa = PBXBuildFile; fileRef = 415112202122E3F40028B5E8 /* ViewController.m */; };
		415112242122E3F40028B5E8 /* Main.storyboard in Resources */ = {isa = PBXBuildFile; fileRef = 415112222122E3F40028B5E8 /* Main.storyboard */; };
		415112262122E3F50028B5E8 /* Assets.xcassets in Resources */ = {isa = PBXBuildFile; fileRef = 415112252122E3F50028B5E8 /* Assets.xcassets */; };
		415112292122E3F50028B5E8 /* LaunchScreen.storyboard in Resources */ = {isa = PBXBuildFile; fileRef = 415112272122E3F50028B5E8 /* LaunchScreen.storyboard */; };
		4151122C2122E3F50028B5E8 /* main.m in Sources */ = {isa = PBXBuildFile; fileRef = 4151122B2122E3F50028B5E8 /* main.m */; };
		415112362122E3F50028B5E8 /* DemoTests.m in Sources */ = {isa = PBXBuildFile; fileRef = 415112352122E3F50028B5E8 /* DemoTests.m */; };
		415112412122E3F50028B5E8 /* DemoUITests.m in Sources */ = {isa = PBXBuildFile; fileRef = 415112402122E3F50028B5E8 /* DemoUITests.m */; };
/* End PBXBuildFile section */

/* Begin PBXContainerItemProxy section */
		415112322122E3F50028B5E8 /* PBXContainerItemProxy */ = {
			isa = PBXContainerItemProxy;
			containerPortal = 415112112122E3F40028B5E8 /* Project object */;
			proxyType = 1;
			remoteGlobalIDString = 415112182122E3F40028B5E8;
			remoteInfo = Demo;
		};
		4151123D2122E3F50028B5E8 /* PBXContainerItemProxy */ = {
			isa = PBXContainerItemProxy;
			containerPortal = 415112112122E3F40028B5E8 /* Project object */;
			proxyType = 1;
			remoteGlobalIDString = 415112182122E3F40028B5E8;
			remoteInfo = Demo;
		};
/* End PBXContainerItemProxy section */

/* Begin PBXFileReference section */
		415112192122E3F40028B5E8 /* Demo.app */ = {isa = PBXFileReference; explicitFileType = wrapper.application; includeInIndex = 0; path = Demo.app; sourceTree = BUILT_PRODUCTS_DIR; };
		4151121C2122E3F40028B5E8 /* AppDelegate.h */ = {isa = PBXFileReference; lastKnownFileType = sourcecode.c.h; path = AppDelegate.h; sourceTree = "<group>"; };
		4151121D2122E3F40028B5E8 /* AppDelegate.m */ = {isa = PBXFileReference; lastKnownFileType = sourcecode.c.objc; path = AppDelegate.m; sourceTree = "<group>"; };
		4151121F2122E3F40028B5E8 /* ViewController.h */ = {isa = PBXFileReference; lastKnownFileType = sourcecode.c.h; path = ViewController.h; sourceTree = "<group>"; };
		415112202122E3F40028B5E8 /* ViewController.m */ = {isa = PBXFileReference; lastKnownFileType = sourcecode.c.objc; path = ViewController.m; sourceTree = "<group>"; };
		415112232122E3F40028B5E8 /* Base */ = {isa = PBXFileReference; lastKnownFileType = file.storyboard; name = Base; path = Base.lproj/Main.storyboard; sourceTree = "<group>"; };
		415112252122E3F50028B5E8 /* Assets.xcassets */ = {isa = PBXFileReference; lastKnownFileType = folder.assetcatalog; path = Assets.xcassets; sourceTree = "<group>"; };
		415112282122E3F50028B5E8 /* Base */ = {isa = PBXFileReference; lastKnownFileType = file.storyboard; name = Base; path = Base.lproj/LaunchScreen.storyboard; sourceTree = "<group>"; };
		4151122A2122E3F50028B5E8 /* Info.plist */ = {isa = PBXFileReference; lastKnownFileType = text.plist.xml; path = Info.plist; sourceTree = "<group>"; };
		4151122B2122E3F50028B5E8 /* main.m */ = {isa = PBXFileReference; lastKnownFileType = sourcecode.c.objc; path = main.m; sourceTree = "<group>"; };
		415112312122E3F50028B5E8 /* DemoTests.xctest */ = {isa = PBXFileReference; explicitFileType = wrapper.cfbundle; includeInIndex = 0; path = DemoTests.xctest; sourceTree = BUILT_PRODUCTS_DIR; };
		415112352122E3F50028B5E8 /* DemoTests.m */ = {isa = PBXFileReference; lastKnownFileType = sourcecode.c.objc; path = DemoTests.m; sourceTree = "<group>"; };
		415112372122E3F50028B5E8 /* Info.plist */ = {isa = PBXFileReference; lastKnownFileType = text.plist.xml; path = Info.plist; sourceTree = "<group>"; };
		4151123C2122E3F50028B5E8 /* DemoUITests.xctest */ = {isa = PBXFileReference; explicitFileType = wrapper.cfbundle; includeInIndex = 0; path = DemoUITests.xctest; sourceTree = BUILT_PRODUCTS_DIR; };
		415112402122E3F50028B5E8 /* DemoUITests.m */ = {isa = PBXFileReference; lastKnownFileType = sourcecode.c.objc; path = DemoUITests.m; sourceTree = "<group>"; };
		415112422122E3F50028B5E8 /* Info.plist */ = {isa = PBXFileReference; lastKnownFileType = text.plist.xml; path = Info.plist; sourceTree = "<group>"; };
/* End PBXFileReference section */

/* Begin PBXFrameworksBuildPhase section */
		415112162122E3F40028B5E8 /* Frameworks */ = {
			isa = PBXFrameworksBuildPhase;
			buildActionMask = 2147483647;
			files = (
			);
			runOnlyForDeploymentPostprocessing = 0;
		};
		4151122E2122E3F50028B5E8 /* Frameworks */ = {
			isa = PBXFrameworksBuildPhase;
			buildActionMask = 2147483647;
			files = (
			);
			runOnlyForDeploymentPostprocessing = 0;
		};
		415112392122E3F50028B5E8 /* Frameworks */ = {
			isa = PBXFrameworksBuildPhase;
			buildActionMask = 2147483647;
			files = (
			);
			runOnlyForDeploymentPostprocessing = 0;
		};
/* End PBXFrameworksBuildPhase section */

/* Begin PBXGroup section */
		415112102122E3F40028B5E8 = {
			isa = PBXGroup;
			children = (
				4151121B2122E3F40028B5E8 /* Demo */,
				415112342122E3F50028B5E8 /* DemoTests */,
				4151123F2122E3F50028B5E8 /* DemoUITests */,
				4151121A2122E3F40028B5E8 /* Products */,
			);
			sourceTree = "<group>";
		};
		4151121A2122E3F40028B5E8 /* Products */ = {
			isa = PBXGroup;
			children = (
				415112192122E3F40028B5E8 /* Demo.app */,
				415112312122E3F50028B5E8 /* DemoTests.xctest */,
				4151123C2122E3F50028B5E8 /* DemoUITests.xctest */,
			);
			name = Products;
			sourceTree = "<group>";
		};
		4151121B2122E3F40028B5E8 /* Demo */ = {
			isa = PBXGroup;
			children = (
				4151121C2122E3F40028B5E8 /* AppDelegate.h */,
				4151121D2122E3F40028B5E8 /* AppDelegate.m */,
				4151121F2122E3F40028B5E8 /* ViewController.h */,
				415112202122E3F40028B5E8 /* ViewController.m */,
				415112222122E3F40028B5E8 /* Main.storyboard */,
				415112252122E3F50028B5E8 /* Assets.xcassets */,
				415112272122E3F50028B5E8 /* LaunchScreen.storyboard */,
				4151122A2122E3F50028B5E8 /* Info.plist */,
				4151122B2122E3F50028B5E8 /* main.m */,
			);
			path = Demo;
			sourceTree = "<group>";
		};
		415112342122E3F50028B5E8 /* DemoTests */ = {
			isa = PBXGroup;
			children = (
				415112352122E3F50028B5E8 /* DemoTests.m */,
				415112372122E3F50028B5E8 /* Info.plist */,
			);
			path = DemoTests;
			sourceTree = "<group>";
		};
		4151123F2122E3F50028B5E8 /* DemoUITests */ = {
			isa = PBXGroup;
			children = (
				415112402122E3F50028B5E8 /* DemoUITests.m */,
				415112422122E3F50028B5E8 /* Info.plist */,
			);
			path = DemoUITests;
			sourceTree = "<group>";
		};
/* End PBXGroup section */

/* Begin PBXNativeTarget section */
		415112182122E3F40028B5E8 /* Demo */ = {
			isa = PBXNativeTarget;
			buildConfigurationList = 415112452122E3F50028B5E8 /* Build configuration list for PBXNativeTarget "Demo" */;
			buildPhases = (
				415112152122E3F40028B5E8 /* Sources */,
				415112162122E3F40028B5E8 /* Frameworks */,
				415112172122E3F40028B5E8 /* Resources */,
			);
			buildRules = (
			);
			dependencies = (
			);
			name = Demo;
			productName = Demo;
			productReference = 415112192122E3F40028B5E8 /* Demo.app */;
			productType = "com.apple.product-type.application";
		};
		415112302122E3F50028B5E8 /* DemoTests */ = {
			isa = PBXNativeTarget;
			buildConfigurationList = 415112482122E3F50028B5E8 /* Build configuration list for PBXNativeTarget "DemoTests" */;
			buildPhases = (
				4151122D2122E3F50028B5E8 /* Sources */,
				4151122E2122E3F50028B5E8 /* Frameworks */,
				4151122F2122E3F50028B5E8 /* Resources */,
			);
			buildRules = (
			);
			dependencies = (
				415112332122E3F50028B5E8 /* PBXTargetDependency */,
			);
			name = DemoTests;
			productName = DemoTests;
			productReference = 415112312122E3F50028B5E8 /* DemoTests.xctest */;
			productType = "com.apple.product-type.bundle.unit-test";
		};
		4151123B2122E3F50028B5E8 /* DemoUITests */ = {
			isa = PBXNativeTarget;
			buildConfigurationList = 4151124B2122E3F50028B5E8 /* Build configuration list for PBXNativeTarget "DemoUITests" */;
			buildPhases = (
				415112382122E3F50028B5E8 /* Sources */,
				415112392122E3F50028B5E8 /* Frameworks */,
				4151123A2122E3F50028B5E8 /* Resources */,
			);
			buildRules = (
			);
			dependencies = (
				4151123E2122E3F50028B5E8 /* PBXTargetDependency */,
			);
			name = DemoUITests;
			productName = DemoUITests;
			productReference = 4151123C2122E3F50028B5E8 /* DemoUITests.xctest */;
			productType = "com.apple.product-type.bundle.ui-testing";
		};
/* End PBXNativeTarget section */

/* Begin PBXProject section */
		415112112122E3F40028B5E8 /* Project object */ = {
			isa = PBXProject;
			attributes = {
				LastUpgradeCheck = 0940;
				ORGANIZATIONNAME = Ravi;
				TargetAttributes = {
					415112182122E3F40028B5E8 = {
						CreatedOnToolsVersion = 9.4.1;
					};
					415112302122E3F50028B5E8 = {
						CreatedOnToolsVersion = 9.4.1;
						TestTargetID = 415112182122E3F40028B5E8;
					};
					4151123B2122E3F50028B5E8 = {
						CreatedOnToolsVersion = 9.4.1;
						TestTargetID = 415112182122E3F40028B5E8;
					};
				};
			};
			buildConfigurationList = 415112142122E3F40028B5E8 /* Build configuration list for PBXProject "Demo" */;
			compatibilityVersion = "Xcode 9.3";
			developmentRegion = en;
			hasScannedForEncodings = 0;
			knownRegions = (
				en,
				Base,
			);
			mainGroup = 415112102122E3F40028B5E8;
			productRefGroup = 4151121A2122E3F40028B5E8 /* Products */;
			projectDirPath = "";
			projectRoot = "";
			targets = (
				415112182122E3F40028B5E8 /* Demo */,
				415112302122E3F50028B5E8 /* DemoTests */,
				4151123B2122E3F50028B5E8 /* DemoUITests */,
			);
		};
/* End PBXProject section */

/* Begin PBXResourcesBuildPhase section */
		415112172122E3F40028B5E8 /* Resources */ = {
			isa = PBXResourcesBuildPhase;
			buildActionMask = 2147483647;
			files = (
				415112292122E3F50028B5E8 /* LaunchScreen.storyboard in Resources */,
				415112262122E3F50028B5E8 /* Assets.xcassets in Resources */,
				415112242122E3F40028B5E8 /* Main.storyboard in Resources */,
			);
			runOnlyForDeploymentPostprocessing = 0;
		};
		4151122F2122E3F50028B5E8 /* Resources */ = {
			isa = PBXResourcesBuildPhase;
			buildActionMask = 2147483647;
			files = (
			);
			runOnlyForDeploymentPostprocessing = 0;
		};
		4151123A2122E3F50028B5E8 /* Resources */ = {
			isa = PBXResourcesBuildPhase;
			buildActionMask = 2147483647;
			files = (
			);
			runOnlyForDeploymentPostprocessing = 0;
		};
/* End PBXResourcesBuildPhase section */

/* Begin PBXSourcesBuildPhase section */
		415112152122E3F40028B5E8 /* Sources */ = {
			isa = PBXSourcesBuildPhase;
			buildActionMask = 2147483647;
			files = (
				415112212122E3F40028B5E8 /* ViewController.m in Sources */,
				4151122C2122E3F50028B5E8 /* main.m in Sources */,
				4151121E2122E3F40028B5E8 /* AppDelegate.m in Sources */,
			);
			runOnlyForDeploymentPostprocessing = 0;
		};
		4151122D2122E3F50028B5E8 /* Sources */ = {
			isa = PBXSourcesBuildPhase;
			buildActionMask = 2147483647;
			files = (
				415112362122E3F50028B5E8 /* DemoTests.m in Sources */,
			);
			runOnlyForDeploymentPostprocessing = 0;
		};
		415112382122E3F50028B5E8 /* Sources */ = {
			isa = PBXSourcesBuildPhase;
			buildActionMask = 2147483647;
			files = (
				415112412122E3F50028B5E8 /* DemoUITests.m in Sources */,
			);
			runOnlyForDeploymentPostprocessing = 0;
		};
/* End PBXSourcesBuildPhase section */

/* Begin PBXTargetDependency section */
		415112332122E3F50028B5E8 /* PBXTargetDependency */ = {
			isa = PBXTargetDependency;
			target = 415112182122E3F40028B5E8 /* Demo */;
			targetProxy = 415112322122E3F50028B5E8 /* PBXContainerItemProxy */;
		};
		4151123E2122E3F50028B5E8 /* PBXTargetDependency */ = {
			isa = PBXTargetDependency;
			target = 415112182122E3F40028B5E8 /* Demo */;
			targetProxy = 4151123D2122E3F50028B5E8 /* PBXContainerItemProxy */;
		};
/* End PBXTargetDependency section */

/* Begin PBXVariantGroup section */
		415112222122E3F40028B5E8 /* Main.storyboard */ = {
			isa = PBXVariantGroup;
			children = (
				415112232122E3F40028B5E8 /* Base */,
			);
			name = Main.storyboard;
			sourceTree = "<group>";
		};
		415112272122E3F50028B5E8 /* LaunchScreen.storyboard */ = {
			isa = PBXVariantGroup;
			children = (
				415112282122E3F50028B5E8 /* Base */,
			);
			name = LaunchScreen.storyboard;
			sourceTree = "<group>";
		};
/* End PBXVariantGroup section */

/* Begin XCBuildConfiguration section */
		415112432122E3F50028B5E8 /* Debug */ = {
			isa = XCBuildConfiguration;
			buildSettings = {
				ALWAYS_SEARCH_USER_PATHS = NO;
				CLANG_ANALYZER_NONNULL = YES;
				CLANG_ANALYZER_NUMBER_OBJECT_CONVERSION = YES_AGGRESSIVE;
				CLANG_CXX_LANGUAGE_STANDARD = "gnu++14";
				CLANG_CXX_LIBRARY = "libc++";
				CLANG_ENABLE_MODULES = YES;
				CLANG_ENABLE_OBJC_ARC = YES;
				CLANG_ENABLE_OBJC_WEAK = YES;
				CLANG_WARN_BLOCK_CAPTURE_AUTORELEASING = YES;
				CLANG_WARN_BOOL_CONVERSION = YES;
				CLANG_WARN_COMMA = YES;
				CLANG_WARN_CONSTANT_CONVERSION = YES;
				CLANG_WARN_DEPRECATED_OBJC_IMPLEMENTATIONS = YES;
				CLANG_WARN_DIRECT_OBJC_ISA_USAGE = YES_ERROR;
				CLANG_WARN_DOCUMENTATION_COMMENTS = YES;
				CLANG_WARN_EMPTY_BODY = YES;
				CLANG_WARN_ENUM_CONVERSION = YES;
				CLANG_WARN_INFINITE_RECURSION = YES;
				CLANG_WARN_INT_CONVERSION = YES;
				CLANG_WARN_NON_LITERAL_NULL_CONVERSION = YES;
				CLANG_WARN_OBJC_IMPLICIT_RETAIN_SELF = YES;
				CLANG_WARN_OBJC_LITERAL_CONVERSION = YES;
				CLANG_WARN_OBJC_ROOT_CLASS = YES_ERROR;
				CLANG_WARN_RANGE_LOOP_ANALYSIS = YES;
				CLANG_WARN_STRICT_PROTOTYPES = YES;
				CLANG_WARN_SUSPICIOUS_MOVE = YES;
				CLANG_WARN_UNGUARDED_AVAILABILITY = YES_AGGRESSIVE;
				CLANG_WARN_UNREACHABLE_CODE = YES;
				CLANG_WARN__DUPLICATE_METHOD_MATCH = YES;
				CODE_SIGN_IDENTITY = "iPhone Developer";
				COPY_PHASE_STRIP = NO;
				DEBUG_INFORMATION_FORMAT = dwarf;
				ENABLE_STRICT_OBJC_MSGSEND = YES;
				ENABLE_TESTABILITY = YES;
				GCC_C_LANGUAGE_STANDARD = gnu11;
				GCC_DYNAMIC_NO_PIC = NO;
				GCC_NO_COMMON_BLOCKS = YES;
				GCC_OPTIMIZATION_LEVEL = 0;
				GCC_PREPROCESSOR_DEFINITIONS = (
					"DEBUG=1",
					"$(inherited)",
				);
				GCC_WARN_64_TO_32_BIT_CONVERSION = YES;
				GCC_WARN_ABOUT_RETURN_TYPE = YES_ERROR;
				GCC_WARN_UNDECLARED_SELECTOR = YES;
				GCC_WARN_UNINITIALIZED_AUTOS = YES_AGGRESSIVE;
				GCC_WARN_UNUSED_FUNCTION = YES;
				GCC_WARN_UNUSED_VARIABLE = YES;
				IPHONEOS_DEPLOYMENT_TARGET = 11.4;
				MTL_ENABLE_DEBUG_INFO = YES;
				ONLY_ACTIVE_ARCH = YES;
				SDKROOT = iphoneos;
			};
			name = Debug;
		};
		415112442122E3F50028B5E8 /* Release */ = {
			isa = XCBuildConfiguration;
			buildSettings = {
				ALWAYS_SEARCH_USER_PATHS = NO;
				CLANG_ANALYZER_NONNULL = YES;
				CLANG_ANALYZER_NUMBER_OBJECT_CONVERSION = YES_AGGRESSIVE;
				CLANG_CXX_LANGUAGE_STANDARD = "gnu++14";
				CLANG_CXX_LIBRARY = "libc++";
				CLANG_ENABLE_MODULES = YES;
				CLANG_ENABLE_OBJC_ARC = YES;
				CLANG_ENABLE_OBJC_WEAK = YES;
				CLANG_WARN_BLOCK_CAPTURE_AUTORELEASING = YES;
				CLANG_WARN_BOOL_CONVERSION = YES;
				CLANG_WARN_COMMA = YES;
				CLANG_WARN_CONSTANT_CONVERSION = YES;
				CLANG_WARN_DEPRECATED_OBJC_IMPLEMENTATIONS = YES;
				CLANG_WARN_DIRECT_OBJC_ISA_USAGE = YES_ERROR;
				CLANG_WARN_DOCUMENTATION_COMMENTS = YES;
				CLANG_WARN_EMPTY_BODY = YES;
				CLANG_WARN_ENUM_CONVERSION = YES;
				CLANG_WARN_INFINITE_RECURSION = YES;
				CLANG_WARN_INT_CONVERSION = YES;
				CLANG_WARN_NON_LITERAL_NULL_CONVERSION = YES;
				CLANG_WARN_OBJC_IMPLICIT_RETAIN_SELF = YES;
				CLANG_WARN_OBJC_LITERAL_CONVERSION = YES;
				CLANG_WARN_OBJC_ROOT_CLASS = YES_ERROR;
				CLANG_WARN_RANGE_LOOP_ANALYSIS = YES;
				CLANG_WARN_STRICT_PROTOTYPES = YES;
				CLANG_WARN_SUSPICIOUS_MOVE = YES;
				CLANG_WARN_UNGUARDED_AVAILABILITY = YES_AGGRESSIVE;
				CLANG_WARN_UNREACHABLE_CODE = YES;
				CLANG_WARN__DUPLICATE_METHOD_MATCH = YES;
				CODE_SIGN_IDENTITY = "iPhone Developer";
				COPY_PHASE_STRIP = NO;
				DEBUG_INFORMATION_FORMAT = "dwarf-with-dsym";
				ENABLE_NS_ASSERTIONS = NO;
				ENABLE_STRICT_OBJC_MSGSEND = YES;
				GCC_C_LANGUAGE_STANDARD = gnu11;
				GCC_NO_COMMON_BLOCKS = YES;
				GCC_WARN_64_TO_32_BIT_CONVERSION = YES;
				GCC_WARN_ABOUT_RETURN_TYPE = YES_ERROR;
				GCC_WARN_UNDECLARED_SELECTOR = YES;
				GCC_WARN_UNINITIALIZED_AUTOS = YES_AGGRESSIVE;
				GCC_WARN_UNUSED_FUNCTION = YES;
				GCC_WARN_UNUSED_VARIABLE = YES;
				IPHONEOS_DEPLOYMENT_TARGET = 11.4;
				MTL_ENABLE_DEBUG_INFO = NO;
				SDKROOT = iphoneos;
				VALIDATE_PRODUCT = YES;
			};
			name = Release;
		};
		415112462122E3F50028B5E8 /* Debug */ = {
			isa = XCBuildConfiguration;
			buildSettings = {
				ASSETCATALOG_COMPILER_APPICON_NAME = AppIcon;
				CODE_SIGN_STYLE = Automatic;
				INFOPLIST_FILE = Demo/Info.plist;
				LD_RUNPATH_SEARCH_PATHS = (
					"$(inherited)",
					"@executable_path/Frameworks",
				);
				PRODUCT_BUNDLE_IDENTIFIER = com.ymedialabs.in.Demo;
				PRODUCT_NAME = "$(TARGET_NAME)";
				TARGETED_DEVICE_FAMILY = "1,2";
			};
			name = Debug;
		};
		415112472122E3F50028B5E8 /* Release */ = {
			isa = XCBuildConfiguration;
			buildSettings = {
				ASSETCATALOG_COMPILER_APPICON_NAME = AppIcon;
				CODE_SIGN_STYLE = Automatic;
				INFOPLIST_FILE = Demo/Info.plist;
				LD_RUNPATH_SEARCH_PATHS = (
					"$(inherited)",
					"@executable_path/Frameworks",
				);
				PRODUCT_BUNDLE_IDENTIFIER = com.ymedialabs.in.Demo;
				PRODUCT_NAME = "$(TARGET_NAME)";
				TARGETED_DEVICE_FAMILY = "1,2";
			};
			name = Release;
		};
		415112492122E3F50028B5E8 /* Debug */ = {
			isa = XCBuildConfiguration;
			buildSettings = {
				BUNDLE_LOADER = "$(TEST_HOST)";
				CODE_SIGN_STYLE = Automatic;
				INFOPLIST_FILE = DemoTests/Info.plist;
				LD_RUNPATH_SEARCH_PATHS = (
					"$(inherited)",
					"@executable_path/Frameworks",
					"@loader_path/Frameworks",
				);
				PRODUCT_BUNDLE_IDENTIFIER = com.ymedialabs.in.DemoTests;
				PRODUCT_NAME = "$(TARGET_NAME)";
				TARGETED_DEVICE_FAMILY = "1,2";
				TEST_HOST = "$(BUILT_PRODUCTS_DIR)/Demo.app/Demo";
			};
			name = Debug;
		};
		4151124A2122E3F50028B5E8 /* Release */ = {
			isa = XCBuildConfiguration;
			buildSettings = {
				BUNDLE_LOADER = "$(TEST_HOST)";
				CODE_SIGN_STYLE = Automatic;
				INFOPLIST_FILE = DemoTests/Info.plist;
				LD_RUNPATH_SEARCH_PATHS = (
					"$(inherited)",
					"@executable_path/Frameworks",
					"@loader_path/Frameworks",
				);
				PRODUCT_BUNDLE_IDENTIFIER = com.ymedialabs.in.DemoTests;
				PRODUCT_NAME = "$(TARGET_NAME)";
				TARGETED_DEVICE_FAMILY = "1,2";
				TEST_HOST = "$(BUILT_PRODUCTS_DIR)/Demo.app/Demo";
			};
			name = Release;
		};
		4151124C2122E3F50028B5E8 /* Debug */ = {
			isa = XCBuildConfiguration;
			buildSettings = {
				CODE_SIGN_STYLE = Automatic;
				INFOPLIST_FILE = DemoUITests/Info.plist;
				LD_RUNPATH_SEARCH_PATHS = (
					"$(inherited)",
					"@executable_path/Frameworks",
					"@loader_path/Frameworks",
				);
				PRODUCT_BUNDLE_IDENTIFIER = com.ymedialabs.in.DemoUITests;
				PRODUCT_NAME = "$(TARGET_NAME)";
				TARGETED_DEVICE_FAMILY = "1,2";
				TEST_TARGET_NAME = Demo;
			};
			name = Debug;
		};
		4151124D2122E3F50028B5E8 /* Release */ = {
			isa = XCBuildConfiguration;
			buildSettings = {
				CODE_SIGN_STYLE = Automatic;
				INFOPLIST_FILE = DemoUITests/Info.plist;
				LD_RUNPATH_SEARCH_PATHS = (
					"$(inherited)",
					"@executable_path/Frameworks",
					"@loader_path/Frameworks",
				);
				PRODUCT_BUNDLE_IDENTIFIER = com.ymedialabs.in.DemoUITests;
				PRODUCT_NAME = "$(TARGET_NAME)";
				TARGETED_DEVICE_FAMILY = "1,2";
				TEST_TARGET_NAME = Demo;
			};
			name = Release;
		};
/* End XCBuildConfiguration section */

/* Begin XCConfigurationList section */
		415112142122E3F40028B5E8 /* Build configuration list for PBXProject "Demo" */ = {
			isa = XCConfigurationList;
			buildConfigurations = (
				415112432122E3F50028B5E8 /* Debug */,
				415112442122E3F50028B5E8 /* Release */,
			);
			defaultConfigurationIsVisible = 0;
			defaultConfigurationName = Release;
		};
		415112452122E3F50028B5E8 /* Build configuration list for PBXNativeTarget "Demo" */ = {
			isa = XCConfigurationList;
			buildConfigurations = (
				415112462122E3F50028B5E8 /* Debug */,
				415112472122E3F50028B5E8 /* Release */,
			);
			defaultConfigurationIsVisible = 0;
			defaultConfigurationName = Release;
		};
		415112482122E3F50028B5E8 /* Build configuration list for PBXNativeTarget "DemoTests" */ = {
			isa = XCConfigurationList;
			buildConfigurations = (
				415112492122E3F50028B5E8 /* Debug */,
				4151124A2122E3F50028B5E8 /* Release */,
			);
			defaultConfigurationIsVisible = 0;
			defaultConfigurationName = Release;
		};
		4151124B2122E3F50028B5E8 /* Build configuration list for PBXNativeTarget "DemoUITests" */ = {
			isa = XCConfigurationList;
			buildConfigurations = (
				4151124C2122E3F50028B5E8 /* Debug */,
				4151124D2122E3F50028B5E8 /* Release */,
			);
			defaultConfigurationIsVisible = 0;
			defaultConfigurationName = Release;
		};
/* End XCConfigurationList section */
	};
	rootObject = 415112112122E3F40028B5E8 /* Project object */;
}
